
Microsoft Visual Studio Solution File, Format Version 12.00
# Visual Studio Version 17
VisualStudioVersion = 17.6.33801.468
MinimumVisualStudioVersion = 10.0.40219.1
Project("{8BC9CEB8-8B4A-11D0-8D11-00A0C91BC942}") = "desafios_Dominos", "desafios_Dominos\desafios_Dominos.vcxproj", "{0F409003-E422-4867-AEA2-1C4C44F11FB0}"
EndProject
Global
	GlobalSection(SolutionConfigurationPlatforms) = preSolution
		Debug|x64 = Debug|x64
		Debug|x86 = Debug|x86
		Release|x64 = Release|x64
		Release|x86 = Release|x86
	EndGlobalSection
	GlobalSection(ProjectConfigurationPlatforms) = postSolution
		{0F409003-E422-4867-AEA2-1C4C44F11FB0}.Debug|x64.ActiveCfg = Debug|x64
		{0F409003-E422-4867-AEA2-1C4C44F11FB0}.Debug|x64.Build.0 = Debug|x64
		{0F409003-E422-4867-AEA2-1C4C44F11FB0}.Debug|x86.ActiveCfg = Debug|Win32
		{0F409003-E422-4867-AEA2-1C4C44F11FB0}.Debug|x86.Build.0 = Debug|Win32
		{0F409003-E422-4867-AEA2-1C4C44F11FB0}.Release|x64.ActiveCfg = Release|x64
		{0F409003-E422-4867-AEA2-1C4C44F11FB0}.Release|x64.Build.0 = Release|x64
		{0F409003-E422-4867-AEA2-1C4C44F11FB0}.Release|x86.ActiveCfg = Release|Win32
		{0F409003-E422-4867-AEA2-1C4C44F11FB0}.Release|x86.Build.0 = Release|Win32
	EndGlobalSection
	GlobalSection(SolutionProperties) = preSolution
		HideSolutionNode = FALSE
	EndGlobalSection
	GlobalSection(ExtensibilityGlobals) = postSolution
		SolutionGuid = {7707967B-0AEF-41EF-A1AA-FF62F67ECE26}
	EndGlobalSection
EndGlobal
